{
  "name": "ProyectoUniversoMarvelComics",
  "lockfileVersion": 2,
  "requires": true,
  "packages": {
    "": {
      "dependencies": {
        "express-http-response": "^0.0.8"
      }
    },
    "node_modules/express-http-response": {
      "version": "0.0.8",
      "resolved": "https://registry.npmjs.org/express-http-response/-/express-http-response-0.0.8.tgz",
      "integrity": "sha512-qKIruZkQZMA7182Eo4YJhoYlhF1SCqVXu4JXLE1TP9ZbOu1ZEYhwxSpsvVD50xZ8VlH3dXJWFvo+IKjtwREsfQ=="
    }
  },
  "dependencies": {
    "express-http-response": {
      "version": "0.0.8",
      "resolved": "https://registry.npmjs.org/express-http-response/-/express-http-response-0.0.8.tgz",
      "integrity": "sha512-qKIruZkQZMA7182Eo4YJhoYlhF1SCqVXu4JXLE1TP9ZbOu1ZEYhwxSpsvVD50xZ8VlH3dXJWFvo+IKjtwREsfQ=="
    }
  }
}
